
Microsoft Visual Studio Solution File, Format Version 12.00
# Visual Studio Version 17
VisualStudioVersion = 17.11.35303.130
MinimumVisualStudioVersion = 10.0.40219.1
Project("{2150E333-8FDC-42A3-9474-1A3956D46DE8}") = "Task0", "Task0", "{4CACC2F8-D74D-4920-AA55-6A12487362B8}"
EndProject
Project("{9A19103F-16F7-4668-BE54-9A1E7A4F7556}") = "Tyuiu.FrankoVA.Sprint6.Task0.V21.Test", "Tyuiu.FrankoVA.Sprint6.Task0.V21.Test\Tyuiu.FrankoVA.Sprint6.Task0.V21.Test.csproj", "{A5D2D32E-B251-4EB3-8C55-F76FB0E581BD}"
EndProject
Project("{9A19103F-16F7-4668-BE54-9A1E7A4F7556}") = "Tyuiu.FrankoVA.Sprint6.Task0.V21.Lib", "Tyuiu.FrankoVA.Sprint6.Task0.V21.Lib\Tyuiu.FrankoVA.Sprint6.Task0.V21.Lib.csproj", "{91CC126C-8859-414D-AB30-3401EA728F65}"
EndProject
Project("{9A19103F-16F7-4668-BE54-9A1E7A4F7556}") = "Tyuiu.FrankoVA.Sprint6.Task0.V21", "Tyuiu.FrankoVA.Sprint6.Task0.V21\Tyuiu.FrankoVA.Sprint6.Task0.V21.csproj", "{AC2D1ED8-7C04-4BF6-9014-0F55EABADEB9}"
EndProject
Project("{2150E333-8FDC-42A3-9474-1A3956D46DE8}") = "Task1", "Task1", "{560F12C6-4830-4516-9B66-8941533C837C}"
EndProject
Project("{9A19103F-16F7-4668-BE54-9A1E7A4F7556}") = "Tyuiu.FrankoVA.Sprint6.Task1.V17.Lib", "Tyuiu.FrankoVA.Sprint6.Task1.V17.Lib\Tyuiu.FrankoVA.Sprint6.Task1.V17.Lib.csproj", "{678205BC-202A-4FE5-BDB0-3AF35443CCFB}"
EndProject
Project("{9A19103F-16F7-4668-BE54-9A1E7A4F7556}") = "Tyuiu.FrankoVA.Sprint6.Task1.V17.Test", "Tyuiu.FrankoVA.Sprint6.Task1.V17.Test\Tyuiu.FrankoVA.Sprint6.Task1.V17.Test.csproj", "{6EB4E485-C0EE-4BB1-95C4-0B6DBB938015}"
EndProject
Project("{9A19103F-16F7-4668-BE54-9A1E7A4F7556}") = "Tyuiu.FrankoVA.Sprint6.Task1.V17", "Tyuiu.FrankoVA.Sprint6.Task1.V17\Tyuiu.FrankoVA.Sprint6.Task1.V17.csproj", "{B46AFC17-0217-41DD-8217-346A36834105}"
EndProject
Project("{2150E333-8FDC-42A3-9474-1A3956D46DE8}") = "Task2", "Task2", "{3E769719-13CD-4AFF-AAB7-3A49F0EFA30B}"
EndProject
Project("{9A19103F-16F7-4668-BE54-9A1E7A4F7556}") = "Tyuiu.FrankoVA.Sprint6.Task2.V3.Test", "Tyuiu.FrankoVA.Sprint6.Task2.V3.Test\Tyuiu.FrankoVA.Sprint6.Task2.V3.Test.csproj", "{C51B1259-C6B5-4A59-B673-B9D08B5467AC}"
EndProject
Project("{9A19103F-16F7-4668-BE54-9A1E7A4F7556}") = "Tyuiu.FrankoVA.Sprint6.Task2.V3.Lib", "Tyuiu.FrankoVA.Sprint6.Task2.V3.Lib\Tyuiu.FrankoVA.Sprint6.Task2.V3.Lib.csproj", "{0C68F78F-13C2-4BA8-9CBA-79862FD4B6AC}"
EndProject
Project("{9A19103F-16F7-4668-BE54-9A1E7A4F7556}") = "Tyuiu.FrankoVA.Sprint6.Task2.V3", "Tyuiu.FrankoVA.Sprint6.Task2.V3\Tyuiu.FrankoVA.Sprint6.Task2.V3.csproj", "{6A66225A-26A8-4E56-9743-86CE5C041265}"
EndProject
Project("{2150E333-8FDC-42A3-9474-1A3956D46DE8}") = "Task3", "Task3", "{00C8E889-6CFA-425F-ACC8-8C8D85C39831}"
EndProject
Project("{9A19103F-16F7-4668-BE54-9A1E7A4F7556}") = "Tyuiu.FrankoVA.Sprint6.Task3.V7.Lib", "Tyuiu.FrankoVA.Sprint6.Task3.V7.Lib\Tyuiu.FrankoVA.Sprint6.Task3.V7.Lib.csproj", "{F724D87B-CCC9-4AAC-900A-3BC77C97FA6B}"
EndProject
Project("{9A19103F-16F7-4668-BE54-9A1E7A4F7556}") = "Tyuiu.FrankoVA.Sprint6.Task3.V7", "Tyuiu.FrankoVA.Sprint6.Task3.V7\Tyuiu.FrankoVA.Sprint6.Task3.V7.csproj", "{D30FD2EA-4B42-4C3B-B463-D004940F6749}"
EndProject
Project("{9A19103F-16F7-4668-BE54-9A1E7A4F7556}") = "Tyuiu.FrankoVA.Sprint6.Task3.V7.Test", "Tyuiu.FrankoVA.Sprint6.Task3.V7.Test\Tyuiu.FrankoVA.Sprint6.Task3.V7.Test.csproj", "{6BCEC893-F3A6-49E1-94B4-97636ED0F86B}"
EndProject
Project("{2150E333-8FDC-42A3-9474-1A3956D46DE8}") = "Task4", "Task4", "{5B5838FD-B29A-4156-9C34-C76FA4095BF6}"
EndProject
Project("{9A19103F-16F7-4668-BE54-9A1E7A4F7556}") = "Tyuiu.FrankoVA.Sprint6.Task4.V10", "Tyuiu.FrankoVA.Sprint6.Task4.V10\Tyuiu.FrankoVA.Sprint6.Task4.V10.csproj", "{DAC335FB-1DA3-4C28-B958-87BACEE71168}"
EndProject
Project("{9A19103F-16F7-4668-BE54-9A1E7A4F7556}") = "Tyuiu.FrankoVA.Sprint6.Task4.V10.Test", "Tyuiu.FrankoVA.Sprint6.Task4.V10.Test\Tyuiu.FrankoVA.Sprint6.Task4.V10.Test.csproj", "{ED2CC072-9D1B-410E-B784-8930C4922002}"
EndProject
Project("{9A19103F-16F7-4668-BE54-9A1E7A4F7556}") = "Tyuiu.FrankoVA.Sprint6.Task4.V10.Lib", "Tyuiu.FrankoVA.Sprint6.Task4.V10.Lib\Tyuiu.FrankoVA.Sprint6.Task4.V10.Lib.csproj", "{3669E411-EB0B-4538-BB69-82315C5EB26F}"
EndProject
Project("{2150E333-8FDC-42A3-9474-1A3956D46DE8}") = "Task5", "Task5", "{874BBE34-BC70-48C5-AD4A-E955C36D55C0}"
EndProject
Project("{FAE04EC0-301F-11D3-BF4B-00C04F79EFBC}") = "Tyuiu.FrankoVA.Sprint6.Task5.V22", "Tyuiu.FrankoVA.Sprint6.Task5.V22\Tyuiu.FrankoVA.Sprint6.Task5.V22.csproj", "{13390454-8618-45CB-B195-BAF58C7F8CF4}"
EndProject
Project("{FAE04EC0-301F-11D3-BF4B-00C04F79EFBC}") = "Tyuiu.FrankoVA.Sprint6.Task5.V22.Lib", "Tyuiu.FrankoVA.Sprint6.Task5.V22.Lib\Tyuiu.FrankoVA.Sprint6.Task5.V22.Lib.csproj", "{7675BDB2-E564-47AF-A5C8-509DCA420817}"
EndProject
Project("{FAE04EC0-301F-11D3-BF4B-00C04F79EFBC}") = "Tyuiu.FrankoVA.Sprint6.Task5.V22.Test", "Tyuiu.FrankoVA.Sprint6.Task5.V22.Test\Tyuiu.FrankoVA.Sprint6.Task5.V22.Test.csproj", "{58FABE91-26E7-40C4-B200-DE07ABB7F9DB}"
EndProject
Global
	GlobalSection(SolutionConfigurationPlatforms) = preSolution
		Debug|Any CPU = Debug|Any CPU
		Release|Any CPU = Release|Any CPU
	EndGlobalSection
	GlobalSection(ProjectConfigurationPlatforms) = postSolution
		{A5D2D32E-B251-4EB3-8C55-F76FB0E581BD}.Debug|Any CPU.ActiveCfg = Debug|Any CPU
		{A5D2D32E-B251-4EB3-8C55-F76FB0E581BD}.Debug|Any CPU.Build.0 = Debug|Any CPU
		{A5D2D32E-B251-4EB3-8C55-F76FB0E581BD}.Release|Any CPU.ActiveCfg = Release|Any CPU
		{A5D2D32E-B251-4EB3-8C55-F76FB0E581BD}.Release|Any CPU.Build.0 = Release|Any CPU
		{91CC126C-8859-414D-AB30-3401EA728F65}.Debug|Any CPU.ActiveCfg = Debug|Any CPU
		{91CC126C-8859-414D-AB30-3401EA728F65}.Debug|Any CPU.Build.0 = Debug|Any CPU
		{91CC126C-8859-414D-AB30-3401EA728F65}.Release|Any CPU.ActiveCfg = Release|Any CPU
		{91CC126C-8859-414D-AB30-3401EA728F65}.Release|Any CPU.Build.0 = Release|Any CPU
		{AC2D1ED8-7C04-4BF6-9014-0F55EABADEB9}.Debug|Any CPU.ActiveCfg = Debug|Any CPU
		{AC2D1ED8-7C04-4BF6-9014-0F55EABADEB9}.Debug|Any CPU.Build.0 = Debug|Any CPU
		{AC2D1ED8-7C04-4BF6-9014-0F55EABADEB9}.Release|Any CPU.ActiveCfg = Release|Any CPU
		{AC2D1ED8-7C04-4BF6-9014-0F55EABADEB9}.Release|Any CPU.Build.0 = Release|Any CPU
		{678205BC-202A-4FE5-BDB0-3AF35443CCFB}.Debug|Any CPU.ActiveCfg = Debug|Any CPU
		{678205BC-202A-4FE5-BDB0-3AF35443CCFB}.Debug|Any CPU.Build.0 = Debug|Any CPU
		{678205BC-202A-4FE5-BDB0-3AF35443CCFB}.Release|Any CPU.ActiveCfg = Release|Any CPU
		{678205BC-202A-4FE5-BDB0-3AF35443CCFB}.Release|Any CPU.Build.0 = Release|Any CPU
		{6EB4E485-C0EE-4BB1-95C4-0B6DBB938015}.Debug|Any CPU.ActiveCfg = Debug|Any CPU
		{6EB4E485-C0EE-4BB1-95C4-0B6DBB938015}.Debug|Any CPU.Build.0 = Debug|Any CPU
		{6EB4E485-C0EE-4BB1-95C4-0B6DBB938015}.Release|Any CPU.ActiveCfg = Release|Any CPU
		{6EB4E485-C0EE-4BB1-95C4-0B6DBB938015}.Release|Any CPU.Build.0 = Release|Any CPU
		{B46AFC17-0217-41DD-8217-346A36834105}.Debug|Any CPU.ActiveCfg = Debug|Any CPU
		{B46AFC17-0217-41DD-8217-346A36834105}.Debug|Any CPU.Build.0 = Debug|Any CPU
		{B46AFC17-0217-41DD-8217-346A36834105}.Release|Any CPU.ActiveCfg = Release|Any CPU
		{B46AFC17-0217-41DD-8217-346A36834105}.Release|Any CPU.Build.0 = Release|Any CPU
		{C51B1259-C6B5-4A59-B673-B9D08B5467AC}.Debug|Any CPU.ActiveCfg = Debug|Any CPU
		{C51B1259-C6B5-4A59-B673-B9D08B5467AC}.Debug|Any CPU.Build.0 = Debug|Any CPU
		{C51B1259-C6B5-4A59-B673-B9D08B5467AC}.Release|Any CPU.ActiveCfg = Release|Any CPU
		{C51B1259-C6B5-4A59-B673-B9D08B5467AC}.Release|Any CPU.Build.0 = Release|Any CPU
		{0C68F78F-13C2-4BA8-9CBA-79862FD4B6AC}.Debug|Any CPU.ActiveCfg = Debug|Any CPU
		{0C68F78F-13C2-4BA8-9CBA-79862FD4B6AC}.Debug|Any CPU.Build.0 = Debug|Any CPU
		{0C68F78F-13C2-4BA8-9CBA-79862FD4B6AC}.Release|Any CPU.ActiveCfg = Release|Any CPU
		{0C68F78F-13C2-4BA8-9CBA-79862FD4B6AC}.Release|Any CPU.Build.0 = Release|Any CPU
		{6A66225A-26A8-4E56-9743-86CE5C041265}.Debug|Any CPU.ActiveCfg = Debug|Any CPU
		{6A66225A-26A8-4E56-9743-86CE5C041265}.Debug|Any CPU.Build.0 = Debug|Any CPU
		{6A66225A-26A8-4E56-9743-86CE5C041265}.Release|Any CPU.ActiveCfg = Release|Any CPU
		{6A66225A-26A8-4E56-9743-86CE5C041265}.Release|Any CPU.Build.0 = Release|Any CPU
		{F724D87B-CCC9-4AAC-900A-3BC77C97FA6B}.Debug|Any CPU.ActiveCfg = Debug|Any CPU
		{F724D87B-CCC9-4AAC-900A-3BC77C97FA6B}.Debug|Any CPU.Build.0 = Debug|Any CPU
		{F724D87B-CCC9-4AAC-900A-3BC77C97FA6B}.Release|Any CPU.ActiveCfg = Release|Any CPU
		{F724D87B-CCC9-4AAC-900A-3BC77C97FA6B}.Release|Any CPU.Build.0 = Release|Any CPU
		{D30FD2EA-4B42-4C3B-B463-D004940F6749}.Debug|Any CPU.ActiveCfg = Debug|Any CPU
		{D30FD2EA-4B42-4C3B-B463-D004940F6749}.Debug|Any CPU.Build.0 = Debug|Any CPU
		{D30FD2EA-4B42-4C3B-B463-D004940F6749}.Release|Any CPU.ActiveCfg = Release|Any CPU
		{D30FD2EA-4B42-4C3B-B463-D004940F6749}.Release|Any CPU.Build.0 = Release|Any CPU
		{6BCEC893-F3A6-49E1-94B4-97636ED0F86B}.Debug|Any CPU.ActiveCfg = Debug|Any CPU
		{6BCEC893-F3A6-49E1-94B4-97636ED0F86B}.Debug|Any CPU.Build.0 = Debug|Any CPU
		{6BCEC893-F3A6-49E1-94B4-97636ED0F86B}.Release|Any CPU.ActiveCfg = Release|Any CPU
		{6BCEC893-F3A6-49E1-94B4-97636ED0F86B}.Release|Any CPU.Build.0 = Release|Any CPU
		{DAC335FB-1DA3-4C28-B958-87BACEE71168}.Debug|Any CPU.ActiveCfg = Debug|Any CPU
		{DAC335FB-1DA3-4C28-B958-87BACEE71168}.Debug|Any CPU.Build.0 = Debug|Any CPU
		{DAC335FB-1DA3-4C28-B958-87BACEE71168}.Release|Any CPU.ActiveCfg = Release|Any CPU
		{DAC335FB-1DA3-4C28-B958-87BACEE71168}.Release|Any CPU.Build.0 = Release|Any CPU
		{ED2CC072-9D1B-410E-B784-8930C4922002}.Debug|Any CPU.ActiveCfg = Debug|Any CPU
		{ED2CC072-9D1B-410E-B784-8930C4922002}.Debug|Any CPU.Build.0 = Debug|Any CPU
		{ED2CC072-9D1B-410E-B784-8930C4922002}.Release|Any CPU.ActiveCfg = Release|Any CPU
		{ED2CC072-9D1B-410E-B784-8930C4922002}.Release|Any CPU.Build.0 = Release|Any CPU
		{3669E411-EB0B-4538-BB69-82315C5EB26F}.Debug|Any CPU.ActiveCfg = Debug|Any CPU
		{3669E411-EB0B-4538-BB69-82315C5EB26F}.Debug|Any CPU.Build.0 = Debug|Any CPU
		{3669E411-EB0B-4538-BB69-82315C5EB26F}.Release|Any CPU.ActiveCfg = Release|Any CPU
		{3669E411-EB0B-4538-BB69-82315C5EB26F}.Release|Any CPU.Build.0 = Release|Any CPU
		{13390454-8618-45CB-B195-BAF58C7F8CF4}.Debug|Any CPU.ActiveCfg = Debug|Any CPU
		{13390454-8618-45CB-B195-BAF58C7F8CF4}.Debug|Any CPU.Build.0 = Debug|Any CPU
		{13390454-8618-45CB-B195-BAF58C7F8CF4}.Release|Any CPU.ActiveCfg = Release|Any CPU
		{13390454-8618-45CB-B195-BAF58C7F8CF4}.Release|Any CPU.Build.0 = Release|Any CPU
		{7675BDB2-E564-47AF-A5C8-509DCA420817}.Debug|Any CPU.ActiveCfg = Debug|Any CPU
		{7675BDB2-E564-47AF-A5C8-509DCA420817}.Debug|Any CPU.Build.0 = Debug|Any CPU
		{7675BDB2-E564-47AF-A5C8-509DCA420817}.Release|Any CPU.ActiveCfg = Release|Any CPU
		{7675BDB2-E564-47AF-A5C8-509DCA420817}.Release|Any CPU.Build.0 = Release|Any CPU
		{58FABE91-26E7-40C4-B200-DE07ABB7F9DB}.Debug|Any CPU.ActiveCfg = Debug|Any CPU
		{58FABE91-26E7-40C4-B200-DE07ABB7F9DB}.Debug|Any CPU.Build.0 = Debug|Any CPU
		{58FABE91-26E7-40C4-B200-DE07ABB7F9DB}.Release|Any CPU.ActiveCfg = Release|Any CPU
		{58FABE91-26E7-40C4-B200-DE07ABB7F9DB}.Release|Any CPU.Build.0 = Release|Any CPU
	EndGlobalSection
	GlobalSection(SolutionProperties) = preSolution
		HideSolutionNode = FALSE
	EndGlobalSection
	GlobalSection(NestedProjects) = preSolution
		{A5D2D32E-B251-4EB3-8C55-F76FB0E581BD} = {4CACC2F8-D74D-4920-AA55-6A12487362B8}
		{91CC126C-8859-414D-AB30-3401EA728F65} = {4CACC2F8-D74D-4920-AA55-6A12487362B8}
		{AC2D1ED8-7C04-4BF6-9014-0F55EABADEB9} = {4CACC2F8-D74D-4920-AA55-6A12487362B8}
		{678205BC-202A-4FE5-BDB0-3AF35443CCFB} = {560F12C6-4830-4516-9B66-8941533C837C}
		{6EB4E485-C0EE-4BB1-95C4-0B6DBB938015} = {560F12C6-4830-4516-9B66-8941533C837C}
		{B46AFC17-0217-41DD-8217-346A36834105} = {560F12C6-4830-4516-9B66-8941533C837C}
		{C51B1259-C6B5-4A59-B673-B9D08B5467AC} = {3E769719-13CD-4AFF-AAB7-3A49F0EFA30B}
		{0C68F78F-13C2-4BA8-9CBA-79862FD4B6AC} = {3E769719-13CD-4AFF-AAB7-3A49F0EFA30B}
		{6A66225A-26A8-4E56-9743-86CE5C041265} = {3E769719-13CD-4AFF-AAB7-3A49F0EFA30B}
		{F724D87B-CCC9-4AAC-900A-3BC77C97FA6B} = {00C8E889-6CFA-425F-ACC8-8C8D85C39831}
		{D30FD2EA-4B42-4C3B-B463-D004940F6749} = {00C8E889-6CFA-425F-ACC8-8C8D85C39831}
		{6BCEC893-F3A6-49E1-94B4-97636ED0F86B} = {00C8E889-6CFA-425F-ACC8-8C8D85C39831}
		{DAC335FB-1DA3-4C28-B958-87BACEE71168} = {5B5838FD-B29A-4156-9C34-C76FA4095BF6}
		{ED2CC072-9D1B-410E-B784-8930C4922002} = {5B5838FD-B29A-4156-9C34-C76FA4095BF6}
		{3669E411-EB0B-4538-BB69-82315C5EB26F} = {5B5838FD-B29A-4156-9C34-C76FA4095BF6}
		{13390454-8618-45CB-B195-BAF58C7F8CF4} = {874BBE34-BC70-48C5-AD4A-E955C36D55C0}
		{7675BDB2-E564-47AF-A5C8-509DCA420817} = {874BBE34-BC70-48C5-AD4A-E955C36D55C0}
		{58FABE91-26E7-40C4-B200-DE07ABB7F9DB} = {874BBE34-BC70-48C5-AD4A-E955C36D55C0}
	EndGlobalSection
	GlobalSection(ExtensibilityGlobals) = postSolution
		SolutionGuid = {30D40796-EF5D-4D8A-92DF-B9DAD5199181}
	EndGlobalSection
EndGlobal
